{
  "requires": true,
  "lockfileVersion": 1,
  "dependencies": {
    "@babel/runtime": {
      "version": "7.12.13",
      "resolved": "https://registry.npmjs.org/@babel/runtime/-/runtime-7.12.13.tgz",
      "integrity": "sha512-8+3UMPBrjFa/6TtKi/7sehPKqfAm4g6K+YQjyyFOLUTxzOngcRZTlAVY8sc2CORJYqdHQY8gRPHmn+qo15rCBw==",
      "requires": {
        "regenerator-runtime": "^0.13.4"
      }
    },
    "@fortawesome/fontawesome-common-types": {
      "version": "0.2.34",
      "resolved": "https://registry.npmjs.org/@fortawesome/fontawesome-common-types/-/fontawesome-common-types-0.2.34.tgz",
      "integrity": "sha512-XcIn3iYbTEzGIxD0/dY5+4f019jIcEIWBiHc3KrmK/ROahwxmZ/s+tdj97p/5K0klz4zZUiMfUlYP0ajhSJjmA=="
    },
    "@fortawesome/free-solid-svg-icons": {
      "version": "5.15.2",
      "resolved": "https://registry.npmjs.org/@fortawesome/free-solid-svg-icons/-/free-solid-svg-icons-5.15.2.tgz",
      "integrity": "sha512-ZfCU+QjaFsdNZmOGmfqEWhzI3JOe37x5dF4kz9GeXvKn/sTxhqMtZ7mh3lBf76SvcYY5/GKFuyG7p1r4iWMQqw==",
      "requires": {
        "@fortawesome/fontawesome-common-types": "^0.2.34"
      }
    },
    "@material-ui/lab": {
      "version": "4.0.0-alpha.57",
      "resolved": "https://registry.npmjs.org/@material-ui/lab/-/lab-4.0.0-alpha.57.tgz",
      "integrity": "sha512-qo/IuIQOmEKtzmRD2E4Aa6DB4A87kmY6h0uYhjUmrrgmEAgbbw9etXpWPVXuRK6AGIQCjFzV6WO2i21m1R4FCw==",
      "requires": {
        "@babel/runtime": "^7.4.4",
        "@material-ui/utils": "^4.11.2",
        "clsx": "^1.0.4",
        "prop-types": "^15.7.2",
        "react-is": "^16.8.0 || ^17.0.0"
      }
    },
    "@material-ui/utils": {
      "version": "4.11.2",
      "resolved": "https://registry.npmjs.org/@material-ui/utils/-/utils-4.11.2.tgz",
      "integrity": "sha512-Uul8w38u+PICe2Fg2pDKCaIG7kOyhowZ9vjiC1FsVwPABTW8vPPKfF6OvxRq3IiBaI1faOJmgdvMG7rMJARBhA==",
      "requires": {
        "@babel/runtime": "^7.4.4",
        "prop-types": "^15.7.2",
        "react-is": "^16.8.0 || ^17.0.0"
      }
    },
    "classnames": {
      "version": "2.2.6",
      "resolved": "https://registry.npmjs.org/classnames/-/classnames-2.2.6.tgz",
      "integrity": "sha512-JR/iSQOSt+LQIWwrwEzJ9uk0xfN3mTVYMwt1Ir5mUcSN6pU+V4zQFFaJsclJbPuAUQH+yfWef6tm7l1quW3C8Q=="
    },
    "clsx": {
      "version": "1.1.1",
      "resolved": "https://registry.npmjs.org/clsx/-/clsx-1.1.1.tgz",
      "integrity": "sha512-6/bPho624p3S2pMyvP5kKBPXnI3ufHLObBFCfgx+LkeR5lg2XYy2hqZqUf45ypD8COn2bhgGJSUE+l5dhNBieA=="
    },
    "js-tokens": {
      "version": "4.0.0",
      "resolved": "https://registry.npmjs.org/js-tokens/-/js-tokens-4.0.0.tgz",
      "integrity": "sha512-RdJUflcE3cUzKiMqQgsCu06FPu9UdIJO0beYbPhHN4k6apgJtifcoCtT9bcxOpYBtpD2kCM6Sbzg4CausW/PKQ=="
    },
    "loose-envify": {
      "version": "1.4.0",
      "resolved": "https://registry.npmjs.org/loose-envify/-/loose-envify-1.4.0.tgz",
      "integrity": "sha512-lyuxPGr/Wfhrlem2CL/UcnUc1zcqKAImBDzukY7Y5F/yQiNdko6+fRLevlw1HgMySw7f611UIY408EtxRSoK3Q==",
      "requires": {
        "js-tokens": "^3.0.0 || ^4.0.0"
      }
    },
    "material-ui-search-bar": {
      "version": "1.0.0",
      "resolved": "https://registry.npmjs.org/material-ui-search-bar/-/material-ui-search-bar-1.0.0.tgz",
      "integrity": "sha512-lCNuzMLPBVukVAkcnYKLXHneozsuKZREZNOcc8z9S9scXHqxJzhC9hOS3OC3/YJ+NJEB5lZB9zg1gryBaXEu8w==",
      "requires": {
        "classnames": "^2.2.5",
        "prop-types": "^15.5.8"
      }
    },
    "object-assign": {
      "version": "4.1.1",
      "resolved": "https://registry.npmjs.org/object-assign/-/object-assign-4.1.1.tgz",
      "integrity": "sha1-IQmtx5ZYh8/AXLvUQsrIv7s2CGM="
    },
    "prop-types": {
      "version": "15.7.2",
      "resolved": "https://registry.npmjs.org/prop-types/-/prop-types-15.7.2.tgz",
      "integrity": "sha512-8QQikdH7//R2vurIJSutZ1smHYTcLpRWEOlHnzcWHmBYrOGUysKwSsrC89BCiFj3CbrfJ/nXFdJepOVrY1GCHQ==",
      "requires": {
        "loose-envify": "^1.4.0",
        "object-assign": "^4.1.1",
        "react-is": "^16.8.1"
      },
      "dependencies": {
        "react-is": {
          "version": "16.13.1",
          "resolved": "https://registry.npmjs.org/react-is/-/react-is-16.13.1.tgz",
          "integrity": "sha512-24e6ynE2H+OKt4kqsOvNd8kBpV65zoxbA4BVsEOB3ARVWQki/DHzaUoC5KuON/BiccDaCCTZBuOcfZs70kR8bQ=="
        }
      }
    },
    "react-is": {
      "version": "17.0.1",
      "resolved": "https://registry.npmjs.org/react-is/-/react-is-17.0.1.tgz",
      "integrity": "sha512-NAnt2iGDXohE5LI7uBnLnqvLQMtzhkiAOLXTmv+qnF9Ky7xAPcX8Up/xWIhxvLVGJvuLiNc4xQLtuqDRzb4fSA=="
    },
    "react-textarea-autosize": {
      "version": "8.3.0",
      "resolved": "https://registry.npmjs.org/react-textarea-autosize/-/react-textarea-autosize-8.3.0.tgz",
      "integrity": "sha512-3GLWFAan2pbwBeoeNDoqGmSbrShORtgWfaWX0RJDivsUrpShh01saRM5RU/i4Zmf+whpBVEY5cA90Eq8Ub1N3w==",
      "requires": {
        "@babel/runtime": "^7.10.2",
        "use-composed-ref": "^1.0.0",
        "use-latest": "^1.0.0"
      }
    },
    "regenerator-runtime": {
      "version": "0.13.7",
      "resolved": "https://registry.npmjs.org/regenerator-runtime/-/regenerator-runtime-0.13.7.tgz",
      "integrity": "sha512-a54FxoJDIr27pgf7IgeQGxmqUNYrcV338lf/6gH456HZ/PhX+5BcwHXG9ajESmwe6WRO0tAzRUrRmNONWgkrew=="
    },
    "ts-essentials": {
      "version": "2.0.12",
      "resolved": "https://registry.npmjs.org/ts-essentials/-/ts-essentials-2.0.12.tgz",
      "integrity": "sha512-3IVX4nI6B5cc31/GFFE+i8ey/N2eA0CZDbo6n0yrz0zDX8ZJ8djmU1p+XRz7G3is0F3bB3pu2pAroFdAWQKU3w=="
    },
    "use-composed-ref": {
      "version": "1.1.0",
      "resolved": "https://registry.npmjs.org/use-composed-ref/-/use-composed-ref-1.1.0.tgz",
      "integrity": "sha512-my1lNHGWsSDAhhVAT4MKs6IjBUtG6ZG11uUqexPH9PptiIZDQOzaF4f5tEbJ2+7qvNbtXNBbU3SfmN+fXlWDhg==",
      "requires": {
        "ts-essentials": "^2.0.3"
      }
    },
    "use-isomorphic-layout-effect": {
      "version": "1.1.1",
      "resolved": "https://registry.npmjs.org/use-isomorphic-layout-effect/-/use-isomorphic-layout-effect-1.1.1.tgz",
      "integrity": "sha512-L7Evj8FGcwo/wpbv/qvSfrkHFtOpCzvM5yl2KVyDJoylVuSvzphiiasmjgQPttIGBAy2WKiBNR98q8w7PiNgKQ=="
    },
    "use-latest": {
      "version": "1.2.0",
      "resolved": "https://registry.npmjs.org/use-latest/-/use-latest-1.2.0.tgz",
      "integrity": "sha512-d2TEuG6nSLKQLAfW3By8mKr8HurOlTkul0sOpxbClIv4SQ4iOd7BYr7VIzdbktUCnv7dua/60xzd8igMU6jmyw==",
      "requires": {
        "use-isomorphic-layout-effect": "^1.0.0"
      }
    }
  }
}
